
Microsoft Visual Studio Solution File, Format Version 12.00
# Visual Studio Version 17
VisualStudioVersion = 17.1.32210.238
MinimumVisualStudioVersion = 10.0.40219.1
Project("{FAE04EC0-301F-11D3-BF4B-00C04F79EFBC}") = "ServerGame", "ServerGame\ServerGame.csproj", "{1AAAD162-BE8B-46B7-8AA0-035E147F0502}"
EndProject
Project("{FAE04EC0-301F-11D3-BF4B-00C04F79EFBC}") = "SharedLibrary", "SharedLibrary\SharedLibrary.csproj", "{F8323295-9CC4-4221-9872-849299742407}"
EndProject
Global
	GlobalSection(SolutionConfigurationPlatforms) = preSolution
		Debug|Any CPU = Debug|Any CPU
		Release|Any CPU = Release|Any CPU
	EndGlobalSection
	GlobalSection(ProjectConfigurationPlatforms) = postSolution
		{1AAAD162-BE8B-46B7-8AA0-035E147F0502}.Debug|Any CPU.ActiveCfg = Debug|Any CPU
		{1AAAD162-BE8B-46B7-8AA0-035E147F0502}.Debug|Any CPU.Build.0 = Debug|Any CPU
		{1AAAD162-BE8B-46B7-8AA0-035E147F0502}.Release|Any CPU.ActiveCfg = Release|Any CPU
		{1AAAD162-BE8B-46B7-8AA0-035E147F0502}.Release|Any CPU.Build.0 = Release|Any CPU
		{F8323295-9CC4-4221-9872-849299742407}.Debug|Any CPU.ActiveCfg = Debug|Any CPU
		{F8323295-9CC4-4221-9872-849299742407}.Debug|Any CPU.Build.0 = Debug|Any CPU
		{F8323295-9CC4-4221-9872-849299742407}.Release|Any CPU.ActiveCfg = Release|Any CPU
		{F8323295-9CC4-4221-9872-849299742407}.Release|Any CPU.Build.0 = Release|Any CPU
	EndGlobalSection
	GlobalSection(SolutionProperties) = preSolution
		HideSolutionNode = FALSE
	EndGlobalSection
	GlobalSection(ExtensibilityGlobals) = postSolution
		SolutionGuid = {21D4258B-8550-45B6-9FB6-0801B1B98D95}
	EndGlobalSection
EndGlobal
